// !$*UTF8*$!
{
	archiveVersion = 1;
	classes = {
	};
	objectVersion = 50;
	objects = {

/* Begin PBXBuildFile section */
		EE2A9E1826719FE700756CD7 /* DetailViewController.swift in Sources */ = {isa = PBXBuildFile; fileRef = EE2A9E1726719FE700756CD7 /* DetailViewController.swift */; };
		EE5BDA95266F748300C4389D /* AppDelegate.swift in Sources */ = {isa = PBXBuildFile; fileRef = EE5BDA94266F748300C4389D /* AppDelegate.swift */; };
		EE5BDA97266F748300C4389D /* SceneDelegate.swift in Sources */ = {isa = PBXBuildFile; fileRef = EE5BDA96266F748300C4389D /* SceneDelegate.swift */; };
		EE5BDA99266F748300C4389D /* ViewController.swift in Sources */ = {isa = PBXBuildFile; fileRef = EE5BDA98266F748300C4389D /* ViewController.swift */; };
		EE5BDA9C266F748300C4389D /* Main.storyboard in Resources */ = {isa = PBXBuildFile; fileRef = EE5BDA9A266F748300C4389D /* Main.storyboard */; };
		EE5BDA9E266F748700C4389D /* Assets.xcassets in Resources */ = {isa = PBXBuildFile; fileRef = EE5BDA9D266F748700C4389D /* Assets.xcassets */; };
		EE5BDAA1266F748700C4389D /* LaunchScreen.storyboard in Resources */ = {isa = PBXBuildFile; fileRef = EE5BDA9F266F748700C4389D /* LaunchScreen.storyboard */; };
		EE5BDAAC266F754400C4389D /* ListViewModel.swift in Sources */ = {isa = PBXBuildFile; fileRef = EE5BDAAB266F754400C4389D /* ListViewModel.swift */; };
		EE5BDAAF266F75DD00C4389D /* Constants.swift in Sources */ = {isa = PBXBuildFile; fileRef = EE5BDAAE266F75DD00C4389D /* Constants.swift */; };
		EE5BDAB1266F7A7D00C4389D /* MovieModel.swift in Sources */ = {isa = PBXBuildFile; fileRef = EE5BDAB0266F7A7D00C4389D /* MovieModel.swift */; };
		EE5BDAB4266FE69000C4389D /* MoviesTableViewCell.swift in Sources */ = {isa = PBXBuildFile; fileRef = EE5BDAB2266FE69000C4389D /* MoviesTableViewCell.swift */; };
		EE5BDAB5266FE69000C4389D /* MoviesTableViewCell.xib in Resources */ = {isa = PBXBuildFile; fileRef = EE5BDAB3266FE69000C4389D /* MoviesTableViewCell.xib */; };
/* End PBXBuildFile section */

/* Begin PBXFileReference section */
		EE2A9E1726719FE700756CD7 /* DetailViewController.swift */ = {isa = PBXFileReference; lastKnownFileType = sourcecode.swift; path = DetailViewController.swift; sourceTree = "<group>"; };
		EE5BDA91266F748300C4389D /* TopTen.app */ = {isa = PBXFileReference; explicitFileType = wrapper.application; includeInIndex = 0; path = TopTen.app; sourceTree = BUILT_PRODUCTS_DIR; };
		EE5BDA94266F748300C4389D /* AppDelegate.swift */ = {isa = PBXFileReference; lastKnownFileType = sourcecode.swift; path = AppDelegate.swift; sourceTree = "<group>"; };
		EE5BDA96266F748300C4389D /* SceneDelegate.swift */ = {isa = PBXFileReference; lastKnownFileType = sourcecode.swift; path = SceneDelegate.swift; sourceTree = "<group>"; };
		EE5BDA98266F748300C4389D /* ViewController.swift */ = {isa = PBXFileReference; lastKnownFileType = sourcecode.swift; path = ViewController.swift; sourceTree = "<group>"; };
		EE5BDA9B266F748300C4389D /* Base */ = {isa = PBXFileReference; lastKnownFileType = file.storyboard; name = Base; path = Base.lproj/Main.storyboard; sourceTree = "<group>"; };
		EE5BDA9D266F748700C4389D /* Assets.xcassets */ = {isa = PBXFileReference; lastKnownFileType = folder.assetcatalog; path = Assets.xcassets; sourceTree = "<group>"; };
		EE5BDAA0266F748700C4389D /* Base */ = {isa = PBXFileReference; lastKnownFileType = file.storyboard; name = Base; path = Base.lproj/LaunchScreen.storyboard; sourceTree = "<group>"; };
		EE5BDAA2266F748700C4389D /* Info.plist */ = {isa = PBXFileReference; lastKnownFileType = text.plist.xml; path = Info.plist; sourceTree = "<group>"; };
		EE5BDAAB266F754400C4389D /* ListViewModel.swift */ = {isa = PBXFileReference; lastKnownFileType = sourcecode.swift; path = ListViewModel.swift; sourceTree = "<group>"; };
		EE5BDAAE266F75DD00C4389D /* Constants.swift */ = {isa = PBXFileReference; lastKnownFileType = sourcecode.swift; path = Constants.swift; sourceTree = "<group>"; };
		EE5BDAB0266F7A7D00C4389D /* MovieModel.swift */ = {isa = PBXFileReference; lastKnownFileType = sourcecode.swift; path = MovieModel.swift; sourceTree = "<group>"; };
		EE5BDAB2266FE69000C4389D /* MoviesTableViewCell.swift */ = {isa = PBXFileReference; lastKnownFileType = sourcecode.swift; path = MoviesTableViewCell.swift; sourceTree = "<group>"; };
		EE5BDAB3266FE69000C4389D /* MoviesTableViewCell.xib */ = {isa = PBXFileReference; lastKnownFileType = file.xib; path = MoviesTableViewCell.xib; sourceTree = "<group>"; };
/* End PBXFileReference section */

/* Begin PBXFrameworksBuildPhase section */
		EE5BDA8E266F748300C4389D /* Frameworks */ = {
			isa = PBXFrameworksBuildPhase;
			buildActionMask = 2147483647;
			files = (
			);
			runOnlyForDeploymentPostprocessing = 0;
		};
/* End PBXFrameworksBuildPhase section */

/* Begin PBXGroup section */
		EE5BDA88266F748300C4389D = {
			isa = PBXGroup;
			children = (
				EE5BDA93266F748300C4389D /* TopTen */,
				EE5BDA92266F748300C4389D /* Products */,
			);
			sourceTree = "<group>";
		};
		EE5BDA92266F748300C4389D /* Products */ = {
			isa = PBXGroup;
			children = (
				EE5BDA91266F748300C4389D /* TopTen.app */,
			);
			name = Products;
			sourceTree = "<group>";
		};
		EE5BDA93266F748300C4389D /* TopTen */ = {
			isa = PBXGroup;
			children = (
				EE5BDAAD266F75C500C4389D /* Constants */,
				EE5BDAAA266F74AA00C4389D /* Model */,
				EE5BDAA9266F749F00C4389D /* View */,
				EE5BDAA8266F749400C4389D /* ViewModel */,
				EE5BDA94266F748300C4389D /* AppDelegate.swift */,
				EE5BDAB3266FE69000C4389D /* MoviesTableViewCell.xib */,
				EE5BDA9A266F748300C4389D /* Main.storyboard */,
				EE5BDA96266F748300C4389D /* SceneDelegate.swift */,
				EE5BDA9D266F748700C4389D /* Assets.xcassets */,
				EE5BDA9F266F748700C4389D /* LaunchScreen.storyboard */,
				EE5BDAA2266F748700C4389D /* Info.plist */,
			);
			path = TopTen;
			sourceTree = "<group>";
		};
		EE5BDAA8266F749400C4389D /* ViewModel */ = {
			isa = PBXGroup;
			children = (
				EE5BDAAB266F754400C4389D /* ListViewModel.swift */,
			);
			path = ViewModel;
			sourceTree = "<group>";
		};
		EE5BDAA9266F749F00C4389D /* View */ = {
			isa = PBXGroup;
			children = (
				EE5BDA98266F748300C4389D /* ViewController.swift */,
				EE5BDAB2266FE69000C4389D /* MoviesTableViewCell.swift */,
				EE2A9E1726719FE700756CD7 /* DetailViewController.swift */,
			);
			path = View;
			sourceTree = "<group>";
		};
		EE5BDAAA266F74AA00C4389D /* Model */ = {
			isa = PBXGroup;
			children = (
				EE5BDAB0266F7A7D00C4389D /* MovieModel.swift */,
			);
			path = Model;
			sourceTree = "<group>";
		};
		EE5BDAAD266F75C500C4389D /* Constants */ = {
			isa = PBXGroup;
			children = (
				EE5BDAAE266F75DD00C4389D /* Constants.swift */,
			);
			path = Constants;
			sourceTree = "<group>";
		};
/* End PBXGroup section */

/* Begin PBXNativeTarget section */
		EE5BDA90266F748300C4389D /* TopTen */ = {
			isa = PBXNativeTarget;
			buildConfigurationList = EE5BDAA5266F748700C4389D /* Build configuration list for PBXNativeTarget "TopTen" */;
			buildPhases = (
				EE5BDA8D266F748300C4389D /* Sources */,
				EE5BDA8E266F748300C4389D /* Frameworks */,
				EE5BDA8F266F748300C4389D /* Resources */,
			);
			buildRules = (
			);
			dependencies = (
			);
			name = TopTen;
			productName = TopTen;
			productReference = EE5BDA91266F748300C4389D /* TopTen.app */;
			productType = "com.apple.product-type.application";
		};
/* End PBXNativeTarget section */

/* Begin PBXProject section */
		EE5BDA89266F748300C4389D /* Project object */ = {
			isa = PBXProject;
			attributes = {
				LastSwiftUpdateCheck = 1250;
				LastUpgradeCheck = 1250;
				TargetAttributes = {
					EE5BDA90266F748300C4389D = {
						CreatedOnToolsVersion = 12.5;
					};
				};
			};
			buildConfigurationList = EE5BDA8C266F748300C4389D /* Build configuration list for PBXProject "TopTen" */;
			compatibilityVersion = "Xcode 9.3";
			developmentRegion = en;
			hasScannedForEncodings = 0;
			knownRegions = (
				en,
				Base,
			);
			mainGroup = EE5BDA88266F748300C4389D;
			productRefGroup = EE5BDA92266F748300C4389D /* Products */;
			projectDirPath = "";
			projectRoot = "";
			targets = (
				EE5BDA90266F748300C4389D /* TopTen */,
			);
		};
/* End PBXProject section */

/* Begin PBXResourcesBuildPhase section */
		EE5BDA8F266F748300C4389D /* Resources */ = {
			isa = PBXResourcesBuildPhase;
			buildActionMask = 2147483647;
			files = (
				EE5BDAA1266F748700C4389D /* LaunchScreen.storyboard in Resources */,
				EE5BDA9E266F748700C4389D /* Assets.xcassets in Resources */,
				EE5BDAB5266FE69000C4389D /* MoviesTableViewCell.xib in Resources */,
				EE5BDA9C266F748300C4389D /* Main.storyboard in Resources */,
			);
			runOnlyForDeploymentPostprocessing = 0;
		};
/* End PBXResourcesBuildPhase section */

/* Begin PBXSourcesBuildPhase section */
		EE5BDA8D266F748300C4389D /* Sources */ = {
			isa = PBXSourcesBuildPhase;
			buildActionMask = 2147483647;
			files = (
				EE5BDAB1266F7A7D00C4389D /* MovieModel.swift in Sources */,
				EE5BDAAF266F75DD00C4389D /* Constants.swift in Sources */,
				EE5BDA99266F748300C4389D /* ViewController.swift in Sources */,
				EE5BDA95266F748300C4389D /* AppDelegate.swift in Sources */,
				EE5BDAAC266F754400C4389D /* ListViewModel.swift in Sources */,
				EE5BDAB4266FE69000C4389D /* MoviesTableViewCell.swift in Sources */,
				EE5BDA97266F748300C4389D /* SceneDelegate.swift in Sources */,
				EE2A9E1826719FE700756CD7 /* DetailViewController.swift in Sources */,
			);
			runOnlyForDeploymentPostprocessing = 0;
		};
/* End PBXSourcesBuildPhase section */

/* Begin PBXVariantGroup section */
		EE5BDA9A266F748300C4389D /* Main.storyboard */ = {
			isa = PBXVariantGroup;
			children = (
				EE5BDA9B266F748300C4389D /* Base */,
			);
			name = Main.storyboard;
			sourceTree = "<group>";
		};
		EE5BDA9F266F748700C4389D /* LaunchScreen.storyboard */ = {
			isa = PBXVariantGroup;
			children = (
				EE5BDAA0266F748700C4389D /* Base */,
			);
			name = LaunchScreen.storyboard;
			sourceTree = "<group>";
		};
/* End PBXVariantGroup section */

/* Begin XCBuildConfiguration section */
		EE5BDAA3266F748700C4389D /* Debug */ = {
			isa = XCBuildConfiguration;
			buildSettings = {
				ALWAYS_SEARCH_USER_PATHS = NO;
				CLANG_ANALYZER_NONNULL = YES;
				CLANG_ANALYZER_NUMBER_OBJECT_CONVERSION = YES_AGGRESSIVE;
				CLANG_CXX_LANGUAGE_STANDARD = "gnu++14";
				CLANG_CXX_LIBRARY = "libc++";
				CLANG_ENABLE_MODULES = YES;
				CLANG_ENABLE_OBJC_ARC = YES;
				CLANG_ENABLE_OBJC_WEAK = YES;
				CLANG_WARN_BLOCK_CAPTURE_AUTORELEASING = YES;
				CLANG_WARN_BOOL_CONVERSION = YES;
				CLANG_WARN_COMMA = YES;
				CLANG_WARN_CONSTANT_CONVERSION = YES;
				CLANG_WARN_DEPRECATED_OBJC_IMPLEMENTATIONS = YES;
				CLANG_WARN_DIRECT_OBJC_ISA_USAGE = YES_ERROR;
				CLANG_WARN_DOCUMENTATION_COMMENTS = YES;
				CLANG_WARN_EMPTY_BODY = YES;
				CLANG_WARN_ENUM_CONVERSION = YES;
				CLANG_WARN_INFINITE_RECURSION = YES;
				CLANG_WARN_INT_CONVERSION = YES;
				CLANG_WARN_NON_LITERAL_NULL_CONVERSION = YES;
				CLANG_WARN_OBJC_IMPLICIT_RETAIN_SELF = YES;
				CLANG_WARN_OBJC_LITERAL_CONVERSION = YES;
				CLANG_WARN_OBJC_ROOT_CLASS = YES_ERROR;
				CLANG_WARN_QUOTED_INCLUDE_IN_FRAMEWORK_HEADER = YES;
				CLANG_WARN_RANGE_LOOP_ANALYSIS = YES;
				CLANG_WARN_STRICT_PROTOTYPES = YES;
				CLANG_WARN_SUSPICIOUS_MOVE = YES;
				CLANG_WARN_UNGUARDED_AVAILABILITY = YES_AGGRESSIVE;
				CLANG_WARN_UNREACHABLE_CODE = YES;
				CLANG_WARN__DUPLICATE_METHOD_MATCH = YES;
				COPY_PHASE_STRIP = NO;
				DEBUG_INFORMATION_FORMAT = dwarf;
				ENABLE_STRICT_OBJC_MSGSEND = YES;
				ENABLE_TESTABILITY = YES;
				GCC_C_LANGUAGE_STANDARD = gnu11;
				GCC_DYNAMIC_NO_PIC = NO;
				GCC_NO_COMMON_BLOCKS = YES;
				GCC_OPTIMIZATION_LEVEL = 0;
				GCC_PREPROCESSOR_DEFINITIONS = (
					"DEBUG=1",
					"$(inherited)",
				);
				GCC_WARN_64_TO_32_BIT_CONVERSION = YES;
				GCC_WARN_ABOUT_RETURN_TYPE = YES_ERROR;
				GCC_WARN_UNDECLARED_SELECTOR = YES;
				GCC_WARN_UNINITIALIZED_AUTOS = YES_AGGRESSIVE;
				GCC_WARN_UNUSED_FUNCTION = YES;
				GCC_WARN_UNUSED_VARIABLE = YES;
				IPHONEOS_DEPLOYMENT_TARGET = 14.5;
				MTL_ENABLE_DEBUG_INFO = INCLUDE_SOURCE;
				MTL_FAST_MATH = YES;
				ONLY_ACTIVE_ARCH = YES;
				SDKROOT = iphoneos;
				SWIFT_ACTIVE_COMPILATION_CONDITIONS = DEBUG;
				SWIFT_OPTIMIZATION_LEVEL = "-Onone";
			};
			name = Debug;
		};
		EE5BDAA4266F748700C4389D /* Release */ = {
			isa = XCBuildConfiguration;
			buildSettings = {
				ALWAYS_SEARCH_USER_PATHS = NO;
				CLANG_ANALYZER_NONNULL = YES;
				CLANG_ANALYZER_NUMBER_OBJECT_CONVERSION = YES_AGGRESSIVE;
				CLANG_CXX_LANGUAGE_STANDARD = "gnu++14";
				CLANG_CXX_LIBRARY = "libc++";
				CLANG_ENABLE_MODULES = YES;
				CLANG_ENABLE_OBJC_ARC = YES;
				CLANG_ENABLE_OBJC_WEAK = YES;
				CLANG_WARN_BLOCK_CAPTURE_AUTORELEASING = YES;
				CLANG_WARN_BOOL_CONVERSION = YES;
				CLANG_WARN_COMMA = YES;
				CLANG_WARN_CONSTANT_CONVERSION = YES;
				CLANG_WARN_DEPRECATED_OBJC_IMPLEMENTATIONS = YES;
				CLANG_WARN_DIRECT_OBJC_ISA_USAGE = YES_ERROR;
				CLANG_WARN_DOCUMENTATION_COMMENTS = YES;
				CLANG_WARN_EMPTY_BODY = YES;
				CLANG_WARN_ENUM_CONVERSION = YES;
				CLANG_WARN_INFINITE_RECURSION = YES;
				CLANG_WARN_INT_CONVERSION = YES;
				CLANG_WARN_NON_LITERAL_NULL_CONVERSION = YES;
				CLANG_WARN_OBJC_IMPLICIT_RETAIN_SELF = YES;
				CLANG_WARN_OBJC_LITERAL_CONVERSION = YES;
				CLANG_WARN_OBJC_ROOT_CLASS = YES_ERROR;
				CLANG_WARN_QUOTED_INCLUDE_IN_FRAMEWORK_HEADER = YES;
				CLANG_WARN_RANGE_LOOP_ANALYSIS = YES;
				CLANG_WARN_STRICT_PROTOTYPES = YES;
				CLANG_WARN_SUSPICIOUS_MOVE = YES;
				CLANG_WARN_UNGUARDED_AVAILABILITY = YES_AGGRESSIVE;
				CLANG_WARN_UNREACHABLE_CODE = YES;
				CLANG_WARN__DUPLICATE_METHOD_MATCH = YES;
				COPY_PHASE_STRIP = NO;
				DEBUG_INFORMATION_FORMAT = "dwarf-with-dsym";
				ENABLE_NS_ASSERTIONS = NO;
				ENABLE_STRICT_OBJC_MSGSEND = YES;
				GCC_C_LANGUAGE_STANDARD = gnu11;
				GCC_NO_COMMON_BLOCKS = YES;
				GCC_WARN_64_TO_32_BIT_CONVERSION = YES;
				GCC_WARN_ABOUT_RETURN_TYPE = YES_ERROR;
				GCC_WARN_UNDECLARED_SELECTOR = YES;
				GCC_WARN_UNINITIALIZED_AUTOS = YES_AGGRESSIVE;
				GCC_WARN_UNUSED_FUNCTION = YES;
				GCC_WARN_UNUSED_VARIABLE = YES;
				IPHONEOS_DEPLOYMENT_TARGET = 14.5;
				MTL_ENABLE_DEBUG_INFO = NO;
				MTL_FAST_MATH = YES;
				SDKROOT = iphoneos;
				SWIFT_COMPILATION_MODE = wholemodule;
				SWIFT_OPTIMIZATION_LEVEL = "-O";
				VALIDATE_PRODUCT = YES;
			};
			name = Release;
		};
		EE5BDAA6266F748700C4389D /* Debug */ = {
			isa = XCBuildConfiguration;
			buildSettings = {
				ASSETCATALOG_COMPILER_APPICON_NAME = AppIcon;
				ASSETCATALOG_COMPILER_GLOBAL_ACCENT_COLOR_NAME = AccentColor;
				CODE_SIGN_STYLE = Automatic;
				INFOPLIST_FILE = TopTen/Info.plist;
				LD_RUNPATH_SEARCH_PATHS = (
					"$(inherited)",
					"@executable_path/Frameworks",
				);
				PRODUCT_BUNDLE_IDENTIFIER = developer.TopTen;
				PRODUCT_NAME = "$(TARGET_NAME)";
				SWIFT_VERSION = 5.0;
				TARGETED_DEVICE_FAMILY = "1,2";
			};
			name = Debug;
		};
		EE5BDAA7266F748700C4389D /* Release */ = {
			isa = XCBuildConfiguration;
			buildSettings = {
				ASSETCATALOG_COMPILER_APPICON_NAME = AppIcon;
				ASSETCATALOG_COMPILER_GLOBAL_ACCENT_COLOR_NAME = AccentColor;
				CODE_SIGN_STYLE = Automatic;
				INFOPLIST_FILE = TopTen/Info.plist;
				LD_RUNPATH_SEARCH_PATHS = (
					"$(inherited)",
					"@executable_path/Frameworks",
				);
				PRODUCT_BUNDLE_IDENTIFIER = developer.TopTen;
				PRODUCT_NAME = "$(TARGET_NAME)";
				SWIFT_VERSION = 5.0;
				TARGETED_DEVICE_FAMILY = "1,2";
			};
			name = Release;
		};
/* End XCBuildConfiguration section */

/* Begin XCConfigurationList section */
		EE5BDA8C266F748300C4389D /* Build configuration list for PBXProject "TopTen" */ = {
			isa = XCConfigurationList;
			buildConfigurations = (
				EE5BDAA3266F748700C4389D /* Debug */,
				EE5BDAA4266F748700C4389D /* Release */,
			);
			defaultConfigurationIsVisible = 0;
			defaultConfigurationName = Release;
		};
		EE5BDAA5266F748700C4389D /* Build configuration list for PBXNativeTarget "TopTen" */ = {
			isa = XCConfigurationList;
			buildConfigurations = (
				EE5BDAA6266F748700C4389D /* Debug */,
				EE5BDAA7266F748700C4389D /* Release */,
			);
			defaultConfigurationIsVisible = 0;
			defaultConfigurationName = Release;
		};
/* End XCConfigurationList section */
	};
	rootObject = EE5BDA89266F748300C4389D /* Project object */;
}
